// !$*UTF8*$!
{
	archiveVersion = 1;
	classes = {
	};
	objectVersion = 46;
	objects = {

/* Begin PBXBuildFile section */
		951A710A19E271C500A749BD /* Foundation.framework in Frameworks */ = {isa = PBXBuildFile; fileRef = 951A710919E271C500A749BD /* Foundation.framework */; };
		951A710C19E271C500A749BD /* CoreGraphics.framework in Frameworks */ = {isa = PBXBuildFile; fileRef = 951A710B19E271C500A749BD /* CoreGraphics.framework */; };
		951A710E19E271C500A749BD /* UIKit.framework in Frameworks */ = {isa = PBXBuildFile; fileRef = 951A710D19E271C500A749BD /* UIKit.framework */; };
		951A711419E271C500A749BD /* InfoPlist.strings in Resources */ = {isa = PBXBuildFile; fileRef = 951A711219E271C500A749BD /* InfoPlist.strings */; };
		951A711619E271C600A749BD /* main.m in Sources */ = {isa = PBXBuildFile; fileRef = 951A711519E271C500A749BD /* main.m */; };
		951A711A19E271C600A749BD /* AppDelegate.m in Sources */ = {isa = PBXBuildFile; fileRef = 951A711919E271C600A749BD /* AppDelegate.m */; };
		951A711C19E271C600A749BD /* Images.xcassets in Resources */ = {isa = PBXBuildFile; fileRef = 951A711B19E271C600A749BD /* Images.xcassets */; };
		951A712319E271C600A749BD /* XCTest.framework in Frameworks */ = {isa = PBXBuildFile; fileRef = 951A712219E271C600A749BD /* XCTest.framework */; };
		951A712419E271C600A749BD /* Foundation.framework in Frameworks */ = {isa = PBXBuildFile; fileRef = 951A710919E271C500A749BD /* Foundation.framework */; };
		951A712519E271C600A749BD /* UIKit.framework in Frameworks */ = {isa = PBXBuildFile; fileRef = 951A710D19E271C500A749BD /* UIKit.framework */; };
		951A712D19E271C600A749BD /* InfoPlist.strings in Resources */ = {isa = PBXBuildFile; fileRef = 951A712B19E271C600A749BD /* InfoPlist.strings */; };
		951A712F19E271C600A749BD /* ToDoListTests.m in Sources */ = {isa = PBXBuildFile; fileRef = 951A712E19E271C600A749BD /* ToDoListTests.m */; };
		951A713919E27B0000A749BD /* Main.storyboard in Resources */ = {isa = PBXBuildFile; fileRef = 951A713819E27B0000A749BD /* Main.storyboard */; };
		951A713C19E2A9C400A749BD /* XYZAddToDoItemViewController.m in Sources */ = {isa = PBXBuildFile; fileRef = 951A713B19E2A9C400A749BD /* XYZAddToDoItemViewController.m */; };
		951A713F19E2EDC500A749BD /* XYZToDoListViewController.m in Sources */ = {isa = PBXBuildFile; fileRef = 951A713E19E2EDC500A749BD /* XYZToDoListViewController.m */; };
		951A714519E3A53300A749BD /* XYZToDoItem.m in Sources */ = {isa = PBXBuildFile; fileRef = 951A714419E3A53300A749BD /* XYZToDoItem.m */; };
/* End PBXBuildFile section */

/* Begin PBXContainerItemProxy section */
		951A712619E271C600A749BD /* PBXContainerItemProxy */ = {
			isa = PBXContainerItemProxy;
			containerPortal = 951A70FE19E271C500A749BD /* Project object */;
			proxyType = 1;
			remoteGlobalIDString = 951A710519E271C500A749BD;
			remoteInfo = ToDoList;
		};
/* End PBXContainerItemProxy section */

/* Begin PBXFileReference section */
		951A710619E271C500A749BD /* ToDoList.app */ = {isa = PBXFileReference; explicitFileType = wrapper.application; includeInIndex = 0; path = ToDoList.app; sourceTree = BUILT_PRODUCTS_DIR; };
		951A710919E271C500A749BD /* Foundation.framework */ = {isa = PBXFileReference; lastKnownFileType = wrapper.framework; name = Foundation.framework; path = System/Library/Frameworks/Foundation.framework; sourceTree = SDKROOT; };
		951A710B19E271C500A749BD /* CoreGraphics.framework */ = {isa = PBXFileReference; lastKnownFileType = wrapper.framework; name = CoreGraphics.framework; path = System/Library/Frameworks/CoreGraphics.framework; sourceTree = SDKROOT; };
		951A710D19E271C500A749BD /* UIKit.framework */ = {isa = PBXFileReference; lastKnownFileType = wrapper.framework; name = UIKit.framework; path = System/Library/Frameworks/UIKit.framework; sourceTree = SDKROOT; };
		951A711119E271C500A749BD /* ToDoList-Info.plist */ = {isa = PBXFileReference; lastKnownFileType = text.plist.xml; path = "ToDoList-Info.plist"; sourceTree = "<group>"; };
		951A711319E271C500A749BD /* en */ = {isa = PBXFileReference; lastKnownFileType = text.plist.strings; name = en; path = en.lproj/InfoPlist.strings; sourceTree = "<group>"; };
		951A711519E271C500A749BD /* main.m */ = {isa = PBXFileReference; lastKnownFileType = sourcecode.c.objc; path = main.m; sourceTree = "<group>"; };
		951A711719E271C600A749BD /* ToDoList-Prefix.pch */ = {isa = PBXFileReference; lastKnownFileType = sourcecode.c.h; path = "ToDoList-Prefix.pch"; sourceTree = "<group>"; };
		951A711819E271C600A749BD /* AppDelegate.h */ = {isa = PBXFileReference; lastKnownFileType = sourcecode.c.h; path = AppDelegate.h; sourceTree = "<group>"; };
		951A711919E271C600A749BD /* AppDelegate.m */ = {isa = PBXFileReference; lastKnownFileType = sourcecode.c.objc; path = AppDelegate.m; sourceTree = "<group>"; };
		951A711B19E271C600A749BD /* Images.xcassets */ = {isa = PBXFileReference; lastKnownFileType = folder.assetcatalog; path = Images.xcassets; sourceTree = "<group>"; };
		951A712119E271C600A749BD /* ToDoListTests.xctest */ = {isa = PBXFileReference; explicitFileType = wrapper.cfbundle; includeInIndex = 0; path = ToDoListTests.xctest; sourceTree = BUILT_PRODUCTS_DIR; };
		951A712219E271C600A749BD /* XCTest.framework */ = {isa = PBXFileReference; lastKnownFileType = wrapper.framework; name = XCTest.framework; path = Library/Frameworks/XCTest.framework; sourceTree = DEVELOPER_DIR; };
		951A712A19E271C600A749BD /* ToDoListTests-Info.plist */ = {isa = PBXFileReference; lastKnownFileType = text.plist.xml; path = "ToDoListTests-Info.plist"; sourceTree = "<group>"; };
		951A712C19E271C600A749BD /* en */ = {isa = PBXFileReference; lastKnownFileType = text.plist.strings; name = en; path = en.lproj/InfoPlist.strings; sourceTree = "<group>"; };
		951A712E19E271C600A749BD /* ToDoListTests.m */ = {isa = PBXFileReference; lastKnownFileType = sourcecode.c.objc; path = ToDoListTests.m; sourceTree = "<group>"; };
		951A713819E27B0000A749BD /* Main.storyboard */ = {isa = PBXFileReference; fileEncoding = 4; lastKnownFileType = file.storyboard; path = Main.storyboard; sourceTree = "<group>"; };
		951A713A19E2A9C400A749BD /* XYZAddToDoItemViewController.h */ = {isa = PBXFileReference; fileEncoding = 4; lastKnownFileType = sourcecode.c.h; path = XYZAddToDoItemViewController.h; sourceTree = "<group>"; };
		951A713B19E2A9C400A749BD /* XYZAddToDoItemViewController.m */ = {isa = PBXFileReference; fileEncoding = 4; lastKnownFileType = sourcecode.c.objc; path = XYZAddToDoItemViewController.m; sourceTree = "<group>"; };
		951A713D19E2EDC500A749BD /* XYZToDoListViewController.h */ = {isa = PBXFileReference; fileEncoding = 4; lastKnownFileType = sourcecode.c.h; path = XYZToDoListViewController.h; sourceTree = "<group>"; };
		951A713E19E2EDC500A749BD /* XYZToDoListViewController.m */ = {isa = PBXFileReference; fileEncoding = 4; lastKnownFileType = sourcecode.c.objc; path = XYZToDoListViewController.m; sourceTree = "<group>"; };
		951A714319E3A53300A749BD /* XYZToDoItem.h */ = {isa = PBXFileReference; fileEncoding = 4; lastKnownFileType = sourcecode.c.h; path = XYZToDoItem.h; sourceTree = "<group>"; };
		951A714419E3A53300A749BD /* XYZToDoItem.m */ = {isa = PBXFileReference; fileEncoding = 4; lastKnownFileType = sourcecode.c.objc; path = XYZToDoItem.m; sourceTree = "<group>"; };
/* End PBXFileReference section */

/* Begin PBXFrameworksBuildPhase section */
		951A710319E271C500A749BD /* Frameworks */ = {
			isa = PBXFrameworksBuildPhase;
			buildActionMask = 2147483647;
			files = (
				951A710C19E271C500A749BD /* CoreGraphics.framework in Frameworks */,
				951A710E19E271C500A749BD /* UIKit.framework in Frameworks */,
				951A710A19E271C500A749BD /* Foundation.framework in Frameworks */,
			);
			runOnlyForDeploymentPostprocessing = 0;
		};
		951A711E19E271C600A749BD /* Frameworks */ = {
			isa = PBXFrameworksBuildPhase;
			buildActionMask = 2147483647;
			files = (
				951A712319E271C600A749BD /* XCTest.framework in Frameworks */,
				951A712519E271C600A749BD /* UIKit.framework in Frameworks */,
				951A712419E271C600A749BD /* Foundation.framework in Frameworks */,
			);
			runOnlyForDeploymentPostprocessing = 0;
		};
/* End PBXFrameworksBuildPhase section */

/* Begin PBXGroup section */
		951A70FD19E271C500A749BD = {
			isa = PBXGroup;
			children = (
				951A710F19E271C500A749BD /* ToDoList */,
				951A712819E271C600A749BD /* ToDoListTests */,
				951A710819E271C500A749BD /* Frameworks */,
				951A710719E271C500A749BD /* Products */,
			);
			sourceTree = "<group>";
		};
		951A710719E271C500A749BD /* Products */ = {
			isa = PBXGroup;
			children = (
				951A710619E271C500A749BD /* ToDoList.app */,
				951A712119E271C600A749BD /* ToDoListTests.xctest */,
			);
			name = Products;
			sourceTree = "<group>";
		};
		951A710819E271C500A749BD /* Frameworks */ = {
			isa = PBXGroup;
			children = (
				951A710919E271C500A749BD /* Foundation.framework */,
				951A710B19E271C500A749BD /* CoreGraphics.framework */,
				951A710D19E271C500A749BD /* UIKit.framework */,
				951A712219E271C600A749BD /* XCTest.framework */,
			);
			name = Frameworks;
			sourceTree = "<group>";
		};
		951A710F19E271C500A749BD /* ToDoList */ = {
			isa = PBXGroup;
			children = (
				951A711819E271C600A749BD /* AppDelegate.h */,
				951A711919E271C600A749BD /* AppDelegate.m */,
				951A713819E27B0000A749BD /* Main.storyboard */,
				951A713D19E2EDC500A749BD /* XYZToDoListViewController.h */,
				951A713E19E2EDC500A749BD /* XYZToDoListViewController.m */,
				951A713A19E2A9C400A749BD /* XYZAddToDoItemViewController.h */,
				951A713B19E2A9C400A749BD /* XYZAddToDoItemViewController.m */,
				951A711B19E271C600A749BD /* Images.xcassets */,
				951A711019E271C500A749BD /* Supporting Files */,
				951A714319E3A53300A749BD /* XYZToDoItem.h */,
				951A714419E3A53300A749BD /* XYZToDoItem.m */,
			);
			path = ToDoList;
			sourceTree = "<group>";
		};
		951A711019E271C500A749BD /* Supporting Files */ = {
			isa = PBXGroup;
			children = (
				951A711119E271C500A749BD /* ToDoList-Info.plist */,
				951A711219E271C500A749BD /* InfoPlist.strings */,
				951A711519E271C500A749BD /* main.m */,
				951A711719E271C600A749BD /* ToDoList-Prefix.pch */,
			);
			name = "Supporting Files";
			sourceTree = "<group>";
		};
		951A712819E271C600A749BD /* ToDoListTests */ = {
			isa = PBXGroup;
			children = (
				951A712E19E271C600A749BD /* ToDoListTests.m */,
				951A712919E271C600A749BD /* Supporting Files */,
			);
			path = ToDoListTests;
			sourceTree = "<group>";
		};
		951A712919E271C600A749BD /* Supporting Files */ = {
			isa = PBXGroup;
			children = (
				951A712A19E271C600A749BD /* ToDoListTests-Info.plist */,
				951A712B19E271C600A749BD /* InfoPlist.strings */,
			);
			name = "Supporting Files";
			sourceTree = "<group>";
		};
/* End PBXGroup section */

/* Begin PBXNativeTarget section */
		951A710519E271C500A749BD /* ToDoList */ = {
			isa = PBXNativeTarget;
			buildConfigurationList = 951A713219E271C600A749BD /* Build configuration list for PBXNativeTarget "ToDoList" */;
			buildPhases = (
				951A710219E271C500A749BD /* Sources */,
				951A710319E271C500A749BD /* Frameworks */,
				951A710419E271C500A749BD /* Resources */,
			);
			buildRules = (
			);
			dependencies = (
			);
			name = ToDoList;
			productName = ToDoList;
			productReference = 951A710619E271C500A749BD /* ToDoList.app */;
			productType = "com.apple.product-type.application";
		};
		951A712019E271C600A749BD /* ToDoListTests */ = {
			isa = PBXNativeTarget;
			buildConfigurationList = 951A713519E271C600A749BD /* Build configuration list for PBXNativeTarget "ToDoListTests" */;
			buildPhases = (
				951A711D19E271C600A749BD /* Sources */,
				951A711E19E271C600A749BD /* Frameworks */,
				951A711F19E271C600A749BD /* Resources */,
			);
			buildRules = (
			);
			dependencies = (
				951A712719E271C600A749BD /* PBXTargetDependency */,
			);
			name = ToDoListTests;
			productName = ToDoListTests;
			productReference = 951A712119E271C600A749BD /* ToDoListTests.xctest */;
			productType = "com.apple.product-type.bundle.unit-test";
		};
/* End PBXNativeTarget section */

/* Begin PBXProject section */
		951A70FE19E271C500A749BD /* Project object */ = {
			isa = PBXProject;
			attributes = {
				LastUpgradeCheck = 0510;
				ORGANIZATIONNAME = gerryyang;
				TargetAttributes = {
					951A712019E271C600A749BD = {
						TestTargetID = 951A710519E271C500A749BD;
					};
				};
			};
			buildConfigurationList = 951A710119E271C500A749BD /* Build configuration list for PBXProject "ToDoList" */;
			compatibilityVersion = "Xcode 3.2";
			developmentRegion = English;
			hasScannedForEncodings = 0;
			knownRegions = (
				en,
			);
			mainGroup = 951A70FD19E271C500A749BD;
			productRefGroup = 951A710719E271C500A749BD /* Products */;
			projectDirPath = "";
			projectRoot = "";
			targets = (
				951A710519E271C500A749BD /* ToDoList */,
				951A712019E271C600A749BD /* ToDoListTests */,
			);
		};
/* End PBXProject section */

/* Begin PBXResourcesBuildPhase section */
		951A710419E271C500A749BD /* Resources */ = {
			isa = PBXResourcesBuildPhase;
			buildActionMask = 2147483647;
			files = (
				951A713919E27B0000A749BD /* Main.storyboard in Resources */,
				951A711419E271C500A749BD /* InfoPlist.strings in Resources */,
				951A711C19E271C600A749BD /* Images.xcassets in Resources */,
			);
			runOnlyForDeploymentPostprocessing = 0;
		};
		951A711F19E271C600A749BD /* Resources */ = {
			isa = PBXResourcesBuildPhase;
			buildActionMask = 2147483647;
			files = (
				951A712D19E271C600A749BD /* InfoPlist.strings in Resources */,
			);
			runOnlyForDeploymentPostprocessing = 0;
		};
/* End PBXResourcesBuildPhase section */

/* Begin PBXSourcesBuildPhase section */
		951A710219E271C500A749BD /* Sources */ = {
			isa = PBXSourcesBuildPhase;
			buildActionMask = 2147483647;
			files = (
				951A711A19E271C600A749BD /* AppDelegate.m in Sources */,
				951A714519E3A53300A749BD /* XYZToDoItem.m in Sources */,
				951A711619E271C600A749BD /* main.m in Sources */,
				951A713F19E2EDC500A749BD /* XYZToDoListViewController.m in Sources */,
				951A713C19E2A9C400A749BD /* XYZAddToDoItemViewController.m in Sources */,
			);
			runOnlyForDeploymentPostprocessing = 0;
		};
		951A711D19E271C600A749BD /* Sources */ = {
			isa = PBXSourcesBuildPhase;
			buildActionMask = 2147483647;
			files = (
				951A712F19E271C600A749BD /* ToDoListTests.m in Sources */,
			);
			runOnlyForDeploymentPostprocessing = 0;
		};
/* End PBXSourcesBuildPhase section */

/* Begin PBXTargetDependency section */
		951A712719E271C600A749BD /* PBXTargetDependency */ = {
			isa = PBXTargetDependency;
			target = 951A710519E271C500A749BD /* ToDoList */;
			targetProxy = 951A712619E271C600A749BD /* PBXContainerItemProxy */;
		};
/* End PBXTargetDependency section */

/* Begin PBXVariantGroup section */
		951A711219E271C500A749BD /* InfoPlist.strings */ = {
			isa = PBXVariantGroup;
			children = (
				951A711319E271C500A749BD /* en */,
			);
			name = InfoPlist.strings;
			sourceTree = "<group>";
		};
		951A712B19E271C600A749BD /* InfoPlist.strings */ = {
			isa = PBXVariantGroup;
			children = (
				951A712C19E271C600A749BD /* en */,
			);
			name = InfoPlist.strings;
			sourceTree = "<group>";
		};
/* End PBXVariantGroup section */

/* Begin XCBuildConfiguration section */
		951A713019E271C600A749BD /* Debug */ = {
			isa = XCBuildConfiguration;
			buildSettings = {
				ALWAYS_SEARCH_USER_PATHS = NO;
				CLANG_CXX_LANGUAGE_STANDARD = "gnu++0x";
				CLANG_CXX_LIBRARY = "libc++";
				CLANG_ENABLE_MODULES = YES;
				CLANG_ENABLE_OBJC_ARC = YES;
				CLANG_WARN_BOOL_CONVERSION = YES;
				CLANG_WARN_CONSTANT_CONVERSION = YES;
				CLANG_WARN_DIRECT_OBJC_ISA_USAGE = YES_ERROR;
				CLANG_WARN_EMPTY_BODY = YES;
				CLANG_WARN_ENUM_CONVERSION = YES;
				CLANG_WARN_INT_CONVERSION = YES;
				CLANG_WARN_OBJC_ROOT_CLASS = YES_ERROR;
				CLANG_WARN__DUPLICATE_METHOD_MATCH = YES;
				"CODE_SIGN_IDENTITY[sdk=iphoneos*]" = "iPhone Developer";
				COPY_PHASE_STRIP = NO;
				GCC_C_LANGUAGE_STANDARD = gnu99;
				GCC_DYNAMIC_NO_PIC = NO;
				GCC_OPTIMIZATION_LEVEL = 0;
				GCC_PREPROCESSOR_DEFINITIONS = (
					"DEBUG=1",
					"$(inherited)",
				);
				GCC_SYMBOLS_PRIVATE_EXTERN = NO;
				GCC_WARN_64_TO_32_BIT_CONVERSION = YES;
				GCC_WARN_ABOUT_RETURN_TYPE = YES_ERROR;
				GCC_WARN_UNDECLARED_SELECTOR = YES;
				GCC_WARN_UNINITIALIZED_AUTOS = YES_AGGRESSIVE;
				GCC_WARN_UNUSED_FUNCTION = YES;
				GCC_WARN_UNUSED_VARIABLE = YES;
				IPHONEOS_DEPLOYMENT_TARGET = 7.1;
				ONLY_ACTIVE_ARCH = YES;
				SDKROOT = iphoneos;
			};
			name = Debug;
		};
		951A713119E271C600A749BD /* Release */ = {
			isa = XCBuildConfiguration;
			buildSettings = {
				ALWAYS_SEARCH_USER_PATHS = NO;
				CLANG_CXX_LANGUAGE_STANDARD = "gnu++0x";
				CLANG_CXX_LIBRARY = "libc++";
				CLANG_ENABLE_MODULES = YES;
				CLANG_ENABLE_OBJC_ARC = YES;
				CLANG_WARN_BOOL_CONVERSION = YES;
				CLANG_WARN_CONSTANT_CONVERSION = YES;
				CLANG_WARN_DIRECT_OBJC_ISA_USAGE = YES_ERROR;
				CLANG_WARN_EMPTY_BODY = YES;
				CLANG_WARN_ENUM_CONVERSION = YES;
				CLANG_WARN_INT_CONVERSION = YES;
				CLANG_WARN_OBJC_ROOT_CLASS = YES_ERROR;
				CLANG_WARN__DUPLICATE_METHOD_MATCH = YES;
				"CODE_SIGN_IDENTITY[sdk=iphoneos*]" = "iPhone Developer";
				COPY_PHASE_STRIP = YES;
				ENABLE_NS_ASSERTIONS = NO;
				GCC_C_LANGUAGE_STANDARD = gnu99;
				GCC_WARN_64_TO_32_BIT_CONVERSION = YES;
				GCC_WARN_ABOUT_RETURN_TYPE = YES_ERROR;
				GCC_WARN_UNDECLARED_SELECTOR = YES;
				GCC_WARN_UNINITIALIZED_AUTOS = YES_AGGRESSIVE;
				GCC_WARN_UNUSED_FUNCTION = YES;
				GCC_WARN_UNUSED_VARIABLE = YES;
				IPHONEOS_DEPLOYMENT_TARGET = 7.1;
				SDKROOT = iphoneos;
				VALIDATE_PRODUCT = YES;
			};
			name = Release;
		};
		951A713319E271C600A749BD /* Debug */ = {
			isa = XCBuildConfiguration;
			buildSettings = {
				ASSETCATALOG_COMPILER_APPICON_NAME = AppIcon;
				ASSETCATALOG_COMPILER_LAUNCHIMAGE_NAME = LaunchImage;
				GCC_PRECOMPILE_PREFIX_HEADER = YES;
				GCC_PREFIX_HEADER = "ToDoList/ToDoList-Prefix.pch";
				INFOPLIST_FILE = "ToDoList/ToDoList-Info.plist";
				PRODUCT_NAME = "$(TARGET_NAME)";
				WRAPPER_EXTENSION = app;
			};
			name = Debug;
		};
		951A713419E271C600A749BD /* Release */ = {
			isa = XCBuildConfiguration;
			buildSettings = {
				ASSETCATALOG_COMPILER_APPICON_NAME = AppIcon;
				ASSETCATALOG_COMPILER_LAUNCHIMAGE_NAME = LaunchImage;
				GCC_PRECOMPILE_PREFIX_HEADER = YES;
				GCC_PREFIX_HEADER = "ToDoList/ToDoList-Prefix.pch";
				INFOPLIST_FILE = "ToDoList/ToDoList-Info.plist";
				PRODUCT_NAME = "$(TARGET_NAME)";
				WRAPPER_EXTENSION = app;
			};
			name = Release;
		};
		951A713619E271C600A749BD /* Debug */ = {
			isa = XCBuildConfiguration;
			buildSettings = {
				BUNDLE_LOADER = "$(BUILT_PRODUCTS_DIR)/ToDoList.app/ToDoList";
				FRAMEWORK_SEARCH_PATHS = (
					"$(SDKROOT)/Developer/Library/Frameworks",
					"$(inherited)",
					"$(DEVELOPER_FRAMEWORKS_DIR)",
				);
				GCC_PRECOMPILE_PREFIX_HEADER = YES;
				GCC_PREFIX_HEADER = "ToDoList/ToDoList-Prefix.pch";
				GCC_PREPROCESSOR_DEFINITIONS = (
					"DEBUG=1",
					"$(inherited)",
				);
				INFOPLIST_FILE = "ToDoListTests/ToDoListTests-Info.plist";
				PRODUCT_NAME = "$(TARGET_NAME)";
				TEST_HOST = "$(BUNDLE_LOADER)";
				WRAPPER_EXTENSION = xctest;
			};
			name = Debug;
		};
		951A713719E271C600A749BD /* Release */ = {
			isa = XCBuildConfiguration;
			buildSettings = {
				BUNDLE_LOADER = "$(BUILT_PRODUCTS_DIR)/ToDoList.app/ToDoList";
				FRAMEWORK_SEARCH_PATHS = (
					"$(SDKROOT)/Developer/Library/Frameworks",
					"$(inherited)",
					"$(DEVELOPER_FRAMEWORKS_DIR)",
				);
				GCC_PRECOMPILE_PREFIX_HEADER = YES;
				GCC_PREFIX_HEADER = "ToDoList/ToDoList-Prefix.pch";
				INFOPLIST_FILE = "ToDoListTests/ToDoListTests-Info.plist";
				PRODUCT_NAME = "$(TARGET_NAME)";
				TEST_HOST = "$(BUNDLE_LOADER)";
				WRAPPER_EXTENSION = xctest;
			};
			name = Release;
		};
/* End XCBuildConfiguration section */

/* Begin XCConfigurationList section */
		951A710119E271C500A749BD /* Build configuration list for PBXProject "ToDoList" */ = {
			isa = XCConfigurationList;
			buildConfigurations = (
				951A713019E271C600A749BD /* Debug */,
				951A713119E271C600A749BD /* Release */,
			);
			defaultConfigurationIsVisible = 0;
			defaultConfigurationName = Release;
		};
		951A713219E271C600A749BD /* Build configuration list for PBXNativeTarget "ToDoList" */ = {
			isa = XCConfigurationList;
			buildConfigurations = (
				951A713319E271C600A749BD /* Debug */,
				951A713419E271C600A749BD /* Release */,
			);
			defaultConfigurationIsVisible = 0;
		};
		951A713519E271C600A749BD /* Build configuration list for PBXNativeTarget "ToDoListTests" */ = {
			isa = XCConfigurationList;
			buildConfigurations = (
				951A713619E271C600A749BD /* Debug */,
				951A713719E271C600A749BD /* Release */,
			);
			defaultConfigurationIsVisible = 0;
		};
/* End XCConfigurationList section */
	};
	rootObject = 951A70FE19E271C500A749BD /* Project object */;
}
